
Microsoft Visual Studio Solution File, Format Version 12.00
# Visual Studio Version 16
VisualStudioVersion = 16.0.29411.108
MinimumVisualStudioVersion = 10.0.40219.1
Project("{FAE04EC0-301F-11D3-BF4B-00C04F79EFBC}") = "Cpeys", "Cpeys\Cpeys.csproj", "{0BBD57FB-BD3F-443F-B096-99366893C5D7}"
EndProject
Project("{FAE04EC0-301F-11D3-BF4B-00C04F79EFBC}") = "NasaConsole", "NasaConsole\NasaConsole.csproj", "{CBFF7E88-CF3F-4711-87F0-18323F69F30B}"
EndProject
Global
	GlobalSection(SolutionConfigurationPlatforms) = preSolution
		Debug|Any CPU = Debug|Any CPU
		Release|Any CPU = Release|Any CPU
	EndGlobalSection
	GlobalSection(ProjectConfigurationPlatforms) = postSolution
		{0BBD57FB-BD3F-443F-B096-99366893C5D7}.Debug|Any CPU.ActiveCfg = Debug|Any CPU
		{0BBD57FB-BD3F-443F-B096-99366893C5D7}.Debug|Any CPU.Build.0 = Debug|Any CPU
		{0BBD57FB-BD3F-443F-B096-99366893C5D7}.Release|Any CPU.ActiveCfg = Release|Any CPU
		{0BBD57FB-BD3F-443F-B096-99366893C5D7}.Release|Any CPU.Build.0 = Release|Any CPU
		{CBFF7E88-CF3F-4711-87F0-18323F69F30B}.Debug|Any CPU.ActiveCfg = Debug|Any CPU
		{CBFF7E88-CF3F-4711-87F0-18323F69F30B}.Debug|Any CPU.Build.0 = Debug|Any CPU
		{CBFF7E88-CF3F-4711-87F0-18323F69F30B}.Release|Any CPU.ActiveCfg = Release|Any CPU
		{CBFF7E88-CF3F-4711-87F0-18323F69F30B}.Release|Any CPU.Build.0 = Release|Any CPU
	EndGlobalSection
	GlobalSection(SolutionProperties) = preSolution
		HideSolutionNode = FALSE
	EndGlobalSection
	GlobalSection(ExtensibilityGlobals) = postSolution
		SolutionGuid = {933BEB7F-2772-4637-ADC9-2EF34937F82E}
	EndGlobalSection
EndGlobal
